
Microsoft Visual Studio Solution File, Format Version 12.00
# Visual Studio Version 16
VisualStudioVersion = 16.0.29709.97
MinimumVisualStudioVersion = 10.0.40219.1
Project("{FAE04EC0-301F-11D3-BF4B-00C04F79EFBC}") = "TruffleShuffle", "TruffleShuffle\TruffleShuffle.csproj", "{A74E292B-2F6E-4AD4-96AC-DA0FBCAD2ABA}"
EndProject
Global
	GlobalSection(SolutionConfigurationPlatforms) = preSolution
		Debug|Any CPU = Debug|Any CPU
		Release|Any CPU = Release|Any CPU
	EndGlobalSection
	GlobalSection(ProjectConfigurationPlatforms) = postSolution
		{A74E292B-2F6E-4AD4-96AC-DA0FBCAD2ABA}.Debug|Any CPU.ActiveCfg = Debug|Any CPU
		{A74E292B-2F6E-4AD4-96AC-DA0FBCAD2ABA}.Debug|Any CPU.Build.0 = Debug|Any CPU
		{A74E292B-2F6E-4AD4-96AC-DA0FBCAD2ABA}.Release|Any CPU.ActiveCfg = Release|Any CPU
		{A74E292B-2F6E-4AD4-96AC-DA0FBCAD2ABA}.Release|Any CPU.Build.0 = Release|Any CPU
	EndGlobalSection
	GlobalSection(SolutionProperties) = preSolution
		HideSolutionNode = FALSE
	EndGlobalSection
	GlobalSection(ExtensibilityGlobals) = postSolution
		SolutionGuid = {B32FD55F-F168-46F7-9B0A-D0CACEC0AC9A}
	EndGlobalSection
EndGlobal
